
Microsoft Visual Studio Solution File, Format Version 12.00
# Visual Studio Version 17
VisualStudioVersion = 17.0.31903.59
MinimumVisualStudioVersion = 10.0.40219.1
Project("{2150E333-8FDC-42A3-9474-1A3956D46DE8}") = "y2023", "y2023", "{9B6051E6-61A5-4AD7-9124-709B9398DE7B}"
EndProject
Project("{FAE04EC0-301F-11D3-BF4B-00C04F79EFBC}") = "Day1", "y2023\Day1\Day1.csproj", "{D5926906-5CEE-4D93-BF31-E13F72DDBCA8}"
EndProject
Global
	GlobalSection(SolutionConfigurationPlatforms) = preSolution
		Debug|Any CPU = Debug|Any CPU
		Release|Any CPU = Release|Any CPU
	EndGlobalSection
	GlobalSection(SolutionProperties) = preSolution
		HideSolutionNode = FALSE
	EndGlobalSection
	GlobalSection(ProjectConfigurationPlatforms) = postSolution
		{D5926906-5CEE-4D93-BF31-E13F72DDBCA8}.Debug|Any CPU.ActiveCfg = Debug|Any CPU
		{D5926906-5CEE-4D93-BF31-E13F72DDBCA8}.Debug|Any CPU.Build.0 = Debug|Any CPU
		{D5926906-5CEE-4D93-BF31-E13F72DDBCA8}.Release|Any CPU.ActiveCfg = Release|Any CPU
		{D5926906-5CEE-4D93-BF31-E13F72DDBCA8}.Release|Any CPU.Build.0 = Release|Any CPU
	EndGlobalSection
	GlobalSection(NestedProjects) = preSolution
		{D5926906-5CEE-4D93-BF31-E13F72DDBCA8} = {9B6051E6-61A5-4AD7-9124-709B9398DE7B}
	EndGlobalSection
EndGlobal
